
Microsoft Visual Studio Solution File, Format Version 12.00
# Visual Studio Version 17
VisualStudioVersion = 17.4.33205.214
MinimumVisualStudioVersion = 10.0.40219.1
Project("{FAE04EC0-301F-11D3-BF4B-00C04F79EFBC}") = "qiii", "qiii\qiii.csproj", "{823BA6AC-610D-4BEA-B9C6-0B0CB012A08E}"
EndProject
Global
	GlobalSection(SolutionConfigurationPlatforms) = preSolution
		Debug|Any CPU = Debug|Any CPU
		Release|Any CPU = Release|Any CPU
	EndGlobalSection
	GlobalSection(ProjectConfigurationPlatforms) = postSolution
		{823BA6AC-610D-4BEA-B9C6-0B0CB012A08E}.Debug|Any CPU.ActiveCfg = Debug|Any CPU
		{823BA6AC-610D-4BEA-B9C6-0B0CB012A08E}.Debug|Any CPU.Build.0 = Debug|Any CPU
		{823BA6AC-610D-4BEA-B9C6-0B0CB012A08E}.Release|Any CPU.ActiveCfg = Release|Any CPU
		{823BA6AC-610D-4BEA-B9C6-0B0CB012A08E}.Release|Any CPU.Build.0 = Release|Any CPU
	EndGlobalSection
	GlobalSection(SolutionProperties) = preSolution
		HideSolutionNode = FALSE
	EndGlobalSection
	GlobalSection(ExtensibilityGlobals) = postSolution
		SolutionGuid = {588F0F61-8C61-4226-A57F-64014386301C}
	EndGlobalSection
EndGlobal
